// !$*UTF8*$!
{
	archiveVersion = 1;
	classes = {
	};
	objectVersion = 50;
	objects = {

/* Begin PBXBuildFile section */
		84A045D525B8743C00AE00E5 /* AppDelegate.swift in Sources */ = {isa = PBXBuildFile; fileRef = 84A045D425B8743C00AE00E5 /* AppDelegate.swift */; };
		84A045D725B8743C00AE00E5 /* SceneDelegate.swift in Sources */ = {isa = PBXBuildFile; fileRef = 84A045D625B8743C00AE00E5 /* SceneDelegate.swift */; };
		84A045DC25B8743C00AE00E5 /* Main.storyboard in Resources */ = {isa = PBXBuildFile; fileRef = 84A045DA25B8743C00AE00E5 /* Main.storyboard */; };
		84A045DE25B8743D00AE00E5 /* Assets.xcassets in Resources */ = {isa = PBXBuildFile; fileRef = 84A045DD25B8743D00AE00E5 /* Assets.xcassets */; };
		84A045E125B8743D00AE00E5 /* LaunchScreen.storyboard in Resources */ = {isa = PBXBuildFile; fileRef = 84A045DF25B8743D00AE00E5 /* LaunchScreen.storyboard */; };
		84A045EE25B8768900AE00E5 /* UsersTableViewController.swift in Sources */ = {isa = PBXBuildFile; fileRef = 84A045ED25B8768900AE00E5 /* UsersTableViewController.swift */; };
		84A045F325B8779B00AE00E5 /* User.swift in Sources */ = {isa = PBXBuildFile; fileRef = 84A045F225B8779B00AE00E5 /* User.swift */; };
		84A045F925B878C000AE00E5 /* NetworkManager.swift in Sources */ = {isa = PBXBuildFile; fileRef = 84A045F825B878C000AE00E5 /* NetworkManager.swift */; };
		84A045FC25B8826800AE00E5 /* Photo.swift in Sources */ = {isa = PBXBuildFile; fileRef = 84A045FB25B8826800AE00E5 /* Photo.swift */; };
		84A045FF25B8833F00AE00E5 /* Album.swift in Sources */ = {isa = PBXBuildFile; fileRef = 84A045FE25B8833F00AE00E5 /* Album.swift */; };
		84A0460525B8871D00AE00E5 /* DetailsCollectionViewController.swift in Sources */ = {isa = PBXBuildFile; fileRef = 84A0460425B8871D00AE00E5 /* DetailsCollectionViewController.swift */; };
		84A0460925B88A2200AE00E5 /* DetailsCollectionViewCell.swift in Sources */ = {isa = PBXBuildFile; fileRef = 84A0460825B88A2200AE00E5 /* DetailsCollectionViewCell.swift */; };
		84A0461925BB77C500AE00E5 /* ImageManager.swift in Sources */ = {isa = PBXBuildFile; fileRef = 84A0461825BB77C400AE00E5 /* ImageManager.swift */; };
		84A0461C25BB783900AE00E5 /* ImageView.swift in Sources */ = {isa = PBXBuildFile; fileRef = 84A0461B25BB783900AE00E5 /* ImageView.swift */; };
		84A0462425C09B1900AE00E5 /* FilterProtocol.swift in Sources */ = {isa = PBXBuildFile; fileRef = 84A0462325C09B1800AE00E5 /* FilterProtocol.swift */; };
		84A0462825C09C3400AE00E5 /* FilterData.swift in Sources */ = {isa = PBXBuildFile; fileRef = 84A0462725C09C3400AE00E5 /* FilterData.swift */; };
		84A0462C25C0B03800AE00E5 /* UserTableViewCell.swift in Sources */ = {isa = PBXBuildFile; fileRef = 84A0462B25C0B03800AE00E5 /* UserTableViewCell.swift */; };
		84A0463025C0B27B00AE00E5 /* Extension UIView.swift in Sources */ = {isa = PBXBuildFile; fileRef = 84A0462F25C0B27B00AE00E5 /* Extension UIView.swift */; };
/* End PBXBuildFile section */

/* Begin PBXFileReference section */
		84A045D125B8743C00AE00E5 /* TestTaskApp.app */ = {isa = PBXFileReference; explicitFileType = wrapper.application; includeInIndex = 0; path = TestTaskApp.app; sourceTree = BUILT_PRODUCTS_DIR; };
		84A045D425B8743C00AE00E5 /* AppDelegate.swift */ = {isa = PBXFileReference; lastKnownFileType = sourcecode.swift; path = AppDelegate.swift; sourceTree = "<group>"; };
		84A045D625B8743C00AE00E5 /* SceneDelegate.swift */ = {isa = PBXFileReference; lastKnownFileType = sourcecode.swift; path = SceneDelegate.swift; sourceTree = "<group>"; };
		84A045DB25B8743C00AE00E5 /* Base */ = {isa = PBXFileReference; lastKnownFileType = file.storyboard; name = Base; path = Base.lproj/Main.storyboard; sourceTree = "<group>"; };
		84A045DD25B8743D00AE00E5 /* Assets.xcassets */ = {isa = PBXFileReference; lastKnownFileType = folder.assetcatalog; path = Assets.xcassets; sourceTree = "<group>"; };
		84A045E025B8743D00AE00E5 /* Base */ = {isa = PBXFileReference; lastKnownFileType = file.storyboard; name = Base; path = Base.lproj/LaunchScreen.storyboard; sourceTree = "<group>"; };
		84A045E225B8743D00AE00E5 /* Info.plist */ = {isa = PBXFileReference; lastKnownFileType = text.plist.xml; path = Info.plist; sourceTree = "<group>"; };
		84A045ED25B8768900AE00E5 /* UsersTableViewController.swift */ = {isa = PBXFileReference; lastKnownFileType = sourcecode.swift; path = UsersTableViewController.swift; sourceTree = "<group>"; };
		84A045F225B8779B00AE00E5 /* User.swift */ = {isa = PBXFileReference; lastKnownFileType = sourcecode.swift; path = User.swift; sourceTree = "<group>"; };
		84A045F825B878C000AE00E5 /* NetworkManager.swift */ = {isa = PBXFileReference; lastKnownFileType = sourcecode.swift; path = NetworkManager.swift; sourceTree = "<group>"; };
		84A045FB25B8826800AE00E5 /* Photo.swift */ = {isa = PBXFileReference; lastKnownFileType = sourcecode.swift; path = Photo.swift; sourceTree = "<group>"; };
		84A045FE25B8833F00AE00E5 /* Album.swift */ = {isa = PBXFileReference; lastKnownFileType = sourcecode.swift; path = Album.swift; sourceTree = "<group>"; };
		84A0460425B8871D00AE00E5 /* DetailsCollectionViewController.swift */ = {isa = PBXFileReference; lastKnownFileType = sourcecode.swift; path = DetailsCollectionViewController.swift; sourceTree = "<group>"; };
		84A0460825B88A2200AE00E5 /* DetailsCollectionViewCell.swift */ = {isa = PBXFileReference; lastKnownFileType = sourcecode.swift; path = DetailsCollectionViewCell.swift; sourceTree = "<group>"; };
		84A0461825BB77C400AE00E5 /* ImageManager.swift */ = {isa = PBXFileReference; lastKnownFileType = sourcecode.swift; path = ImageManager.swift; sourceTree = "<group>"; };
		84A0461B25BB783900AE00E5 /* ImageView.swift */ = {isa = PBXFileReference; lastKnownFileType = sourcecode.swift; path = ImageView.swift; sourceTree = "<group>"; };
		84A0462325C09B1800AE00E5 /* FilterProtocol.swift */ = {isa = PBXFileReference; lastKnownFileType = sourcecode.swift; path = FilterProtocol.swift; sourceTree = "<group>"; };
		84A0462725C09C3400AE00E5 /* FilterData.swift */ = {isa = PBXFileReference; lastKnownFileType = sourcecode.swift; path = FilterData.swift; sourceTree = "<group>"; };
		84A0462B25C0B03800AE00E5 /* UserTableViewCell.swift */ = {isa = PBXFileReference; lastKnownFileType = sourcecode.swift; path = UserTableViewCell.swift; sourceTree = "<group>"; };
		84A0462F25C0B27B00AE00E5 /* Extension UIView.swift */ = {isa = PBXFileReference; lastKnownFileType = sourcecode.swift; path = "Extension UIView.swift"; sourceTree = "<group>"; };
/* End PBXFileReference section */

/* Begin PBXFrameworksBuildPhase section */
		84A045CE25B8743C00AE00E5 /* Frameworks */ = {
			isa = PBXFrameworksBuildPhase;
			buildActionMask = 2147483647;
			files = (
			);
			runOnlyForDeploymentPostprocessing = 0;
		};
/* End PBXFrameworksBuildPhase section */

/* Begin PBXGroup section */
		84A045C825B8743C00AE00E5 = {
			isa = PBXGroup;
			children = (
				84A045D325B8743C00AE00E5 /* TestTaskApp */,
				84A045D225B8743C00AE00E5 /* Products */,
			);
			sourceTree = "<group>";
		};
		84A045D225B8743C00AE00E5 /* Products */ = {
			isa = PBXGroup;
			children = (
				84A045D125B8743C00AE00E5 /* TestTaskApp.app */,
			);
			name = Products;
			sourceTree = "<group>";
		};
		84A045D325B8743C00AE00E5 /* TestTaskApp */ = {
			isa = PBXGroup;
			children = (
				84A045E925B8756A00AE00E5 /* Application */,
				84A045F525B877A200AE00E5 /* Model */,
				84A045EA25B8757E00AE00E5 /* ViewControllers */,
				84A045EC25B8758E00AE00E5 /* Storyboards */,
				84A045F725B878A700AE00E5 /* Managers */,
				84A0462225C09AEB00AE00E5 /* Protocols */,
				84A0462625C09BF700AE00E5 /* Extensions */,
				84A045DD25B8743D00AE00E5 /* Assets.xcassets */,
				84A045E225B8743D00AE00E5 /* Info.plist */,
			);
			path = TestTaskApp;
			sourceTree = "<group>";
		};
		84A045E925B8756A00AE00E5 /* Application */ = {
			isa = PBXGroup;
			children = (
				84A045D425B8743C00AE00E5 /* AppDelegate.swift */,
				84A045D625B8743C00AE00E5 /* SceneDelegate.swift */,
			);
			path = Application;
			sourceTree = "<group>";
		};
		84A045EA25B8757E00AE00E5 /* ViewControllers */ = {
			isa = PBXGroup;
			children = (
				84A045ED25B8768900AE00E5 /* UsersTableViewController.swift */,
				84A0460425B8871D00AE00E5 /* DetailsCollectionViewController.swift */,
				84A0460B25B88A2800AE00E5 /* View */,
			);
			path = ViewControllers;
			sourceTree = "<group>";
		};
		84A045EC25B8758E00AE00E5 /* Storyboards */ = {
			isa = PBXGroup;
			children = (
				84A045DA25B8743C00AE00E5 /* Main.storyboard */,
				84A045DF25B8743D00AE00E5 /* LaunchScreen.storyboard */,
			);
			path = Storyboards;
			sourceTree = "<group>";
		};
		84A045F525B877A200AE00E5 /* Model */ = {
			isa = PBXGroup;
			children = (
				84A045F225B8779B00AE00E5 /* User.swift */,
				84A045FE25B8833F00AE00E5 /* Album.swift */,
				84A045FB25B8826800AE00E5 /* Photo.swift */,
			);
			path = Model;
			sourceTree = "<group>";
		};
		84A045F725B878A700AE00E5 /* Managers */ = {
			isa = PBXGroup;
			children = (
				84A045F825B878C000AE00E5 /* NetworkManager.swift */,
				84A0461825BB77C400AE00E5 /* ImageManager.swift */,
			);
			path = Managers;
			sourceTree = "<group>";
		};
		84A0460B25B88A2800AE00E5 /* View */ = {
			isa = PBXGroup;
			children = (
				84A0462B25C0B03800AE00E5 /* UserTableViewCell.swift */,
				84A0460825B88A2200AE00E5 /* DetailsCollectionViewCell.swift */,
				84A0461B25BB783900AE00E5 /* ImageView.swift */,
			);
			path = View;
			sourceTree = "<group>";
		};
		84A0462225C09AEB00AE00E5 /* Protocols */ = {
			isa = PBXGroup;
			children = (
				84A0462325C09B1800AE00E5 /* FilterProtocol.swift */,
			);
			path = Protocols;
			sourceTree = "<group>";
		};
		84A0462625C09BF700AE00E5 /* Extensions */ = {
			isa = PBXGroup;
			children = (
				84A0462725C09C3400AE00E5 /* FilterData.swift */,
				84A0462F25C0B27B00AE00E5 /* Extension UIView.swift */,
			);
			path = Extensions;
			sourceTree = "<group>";
		};
/* End PBXGroup section */

/* Begin PBXNativeTarget section */
		84A045D025B8743C00AE00E5 /* TestTaskApp */ = {
			isa = PBXNativeTarget;
			buildConfigurationList = 84A045E525B8743D00AE00E5 /* Build configuration list for PBXNativeTarget "TestTaskApp" */;
			buildPhases = (
				84A045CD25B8743C00AE00E5 /* Sources */,
				84A045CE25B8743C00AE00E5 /* Frameworks */,
				84A045CF25B8743C00AE00E5 /* Resources */,
			);
			buildRules = (
			);
			dependencies = (
			);
			name = TestTaskApp;
			productName = TestTaskApp;
			productReference = 84A045D125B8743C00AE00E5 /* TestTaskApp.app */;
			productType = "com.apple.product-type.application";
		};
/* End PBXNativeTarget section */

/* Begin PBXProject section */
		84A045C925B8743C00AE00E5 /* Project object */ = {
			isa = PBXProject;
			attributes = {
				LastSwiftUpdateCheck = 1220;
				LastUpgradeCheck = 1220;
				TargetAttributes = {
					84A045D025B8743C00AE00E5 = {
						CreatedOnToolsVersion = 12.2;
					};
				};
			};
			buildConfigurationList = 84A045CC25B8743C00AE00E5 /* Build configuration list for PBXProject "TestTaskApp" */;
			compatibilityVersion = "Xcode 9.3";
			developmentRegion = en;
			hasScannedForEncodings = 0;
			knownRegions = (
				en,
				Base,
			);
			mainGroup = 84A045C825B8743C00AE00E5;
			productRefGroup = 84A045D225B8743C00AE00E5 /* Products */;
			projectDirPath = "";
			projectRoot = "";
			targets = (
				84A045D025B8743C00AE00E5 /* TestTaskApp */,
			);
		};
/* End PBXProject section */

/* Begin PBXResourcesBuildPhase section */
		84A045CF25B8743C00AE00E5 /* Resources */ = {
			isa = PBXResourcesBuildPhase;
			buildActionMask = 2147483647;
			files = (
				84A045E125B8743D00AE00E5 /* LaunchScreen.storyboard in Resources */,
				84A045DE25B8743D00AE00E5 /* Assets.xcassets in Resources */,
				84A045DC25B8743C00AE00E5 /* Main.storyboard in Resources */,
			);
			runOnlyForDeploymentPostprocessing = 0;
		};
/* End PBXResourcesBuildPhase section */

/* Begin PBXSourcesBuildPhase section */
		84A045CD25B8743C00AE00E5 /* Sources */ = {
			isa = PBXSourcesBuildPhase;
			buildActionMask = 2147483647;
			files = (
				84A045FC25B8826800AE00E5 /* Photo.swift in Sources */,
				84A0461925BB77C500AE00E5 /* ImageManager.swift in Sources */,
				84A0462C25C0B03800AE00E5 /* UserTableViewCell.swift in Sources */,
				84A0463025C0B27B00AE00E5 /* Extension UIView.swift in Sources */,
				84A0460525B8871D00AE00E5 /* DetailsCollectionViewController.swift in Sources */,
				84A0462425C09B1900AE00E5 /* FilterProtocol.swift in Sources */,
				84A045F325B8779B00AE00E5 /* User.swift in Sources */,
				84A0461C25BB783900AE00E5 /* ImageView.swift in Sources */,
				84A045D525B8743C00AE00E5 /* AppDelegate.swift in Sources */,
				84A045F925B878C000AE00E5 /* NetworkManager.swift in Sources */,
				84A0460925B88A2200AE00E5 /* DetailsCollectionViewCell.swift in Sources */,
				84A045EE25B8768900AE00E5 /* UsersTableViewController.swift in Sources */,
				84A0462825C09C3400AE00E5 /* FilterData.swift in Sources */,
				84A045FF25B8833F00AE00E5 /* Album.swift in Sources */,
				84A045D725B8743C00AE00E5 /* SceneDelegate.swift in Sources */,
			);
			runOnlyForDeploymentPostprocessing = 0;
		};
/* End PBXSourcesBuildPhase section */

/* Begin PBXVariantGroup section */
		84A045DA25B8743C00AE00E5 /* Main.storyboard */ = {
			isa = PBXVariantGroup;
			children = (
				84A045DB25B8743C00AE00E5 /* Base */,
			);
			name = Main.storyboard;
			sourceTree = "<group>";
		};
		84A045DF25B8743D00AE00E5 /* LaunchScreen.storyboard */ = {
			isa = PBXVariantGroup;
			children = (
				84A045E025B8743D00AE00E5 /* Base */,
			);
			name = LaunchScreen.storyboard;
			sourceTree = "<group>";
		};
/* End PBXVariantGroup section */

/* Begin XCBuildConfiguration section */
		84A045E325B8743D00AE00E5 /* Debug */ = {
			isa = XCBuildConfiguration;
			buildSettings = {
				ALWAYS_SEARCH_USER_PATHS = NO;
				CLANG_ANALYZER_NONNULL = YES;
				CLANG_ANALYZER_NUMBER_OBJECT_CONVERSION = YES_AGGRESSIVE;
				CLANG_CXX_LANGUAGE_STANDARD = "gnu++14";
				CLANG_CXX_LIBRARY = "libc++";
				CLANG_ENABLE_MODULES = YES;
				CLANG_ENABLE_OBJC_ARC = YES;
				CLANG_ENABLE_OBJC_WEAK = YES;
				CLANG_WARN_BLOCK_CAPTURE_AUTORELEASING = YES;
				CLANG_WARN_BOOL_CONVERSION = YES;
				CLANG_WARN_COMMA = YES;
				CLANG_WARN_CONSTANT_CONVERSION = YES;
				CLANG_WARN_DEPRECATED_OBJC_IMPLEMENTATIONS = YES;
				CLANG_WARN_DIRECT_OBJC_ISA_USAGE = YES_ERROR;
				CLANG_WARN_DOCUMENTATION_COMMENTS = YES;
				CLANG_WARN_EMPTY_BODY = YES;
				CLANG_WARN_ENUM_CONVERSION = YES;
				CLANG_WARN_INFINITE_RECURSION = YES;
				CLANG_WARN_INT_CONVERSION = YES;
				CLANG_WARN_NON_LITERAL_NULL_CONVERSION = YES;
				CLANG_WARN_OBJC_IMPLICIT_RETAIN_SELF = YES;
				CLANG_WARN_OBJC_LITERAL_CONVERSION = YES;
				CLANG_WARN_OBJC_ROOT_CLASS = YES_ERROR;
				CLANG_WARN_QUOTED_INCLUDE_IN_FRAMEWORK_HEADER = YES;
				CLANG_WARN_RANGE_LOOP_ANALYSIS = YES;
				CLANG_WARN_STRICT_PROTOTYPES = YES;
				CLANG_WARN_SUSPICIOUS_MOVE = YES;
				CLANG_WARN_UNGUARDED_AVAILABILITY = YES_AGGRESSIVE;
				CLANG_WARN_UNREACHABLE_CODE = YES;
				CLANG_WARN__DUPLICATE_METHOD_MATCH = YES;
				COPY_PHASE_STRIP = NO;
				DEBUG_INFORMATION_FORMAT = dwarf;
				ENABLE_STRICT_OBJC_MSGSEND = YES;
				ENABLE_TESTABILITY = YES;
				GCC_C_LANGUAGE_STANDARD = gnu11;
				GCC_DYNAMIC_NO_PIC = NO;
				GCC_NO_COMMON_BLOCKS = YES;
				GCC_OPTIMIZATION_LEVEL = 0;
				GCC_PREPROCESSOR_DEFINITIONS = (
					"DEBUG=1",
					"$(inherited)",
				);
				GCC_WARN_64_TO_32_BIT_CONVERSION = YES;
				GCC_WARN_ABOUT_RETURN_TYPE = YES_ERROR;
				GCC_WARN_UNDECLARED_SELECTOR = YES;
				GCC_WARN_UNINITIALIZED_AUTOS = YES_AGGRESSIVE;
				GCC_WARN_UNUSED_FUNCTION = YES;
				GCC_WARN_UNUSED_VARIABLE = YES;
				IPHONEOS_DEPLOYMENT_TARGET = 14.2;
				MTL_ENABLE_DEBUG_INFO = INCLUDE_SOURCE;
				MTL_FAST_MATH = YES;
				ONLY_ACTIVE_ARCH = YES;
				SDKROOT = iphoneos;
				SWIFT_ACTIVE_COMPILATION_CONDITIONS = DEBUG;
				SWIFT_OPTIMIZATION_LEVEL = "-Onone";
			};
			name = Debug;
		};
		84A045E425B8743D00AE00E5 /* Release */ = {
			isa = XCBuildConfiguration;
			buildSettings = {
				ALWAYS_SEARCH_USER_PATHS = NO;
				CLANG_ANALYZER_NONNULL = YES;
				CLANG_ANALYZER_NUMBER_OBJECT_CONVERSION = YES_AGGRESSIVE;
				CLANG_CXX_LANGUAGE_STANDARD = "gnu++14";
				CLANG_CXX_LIBRARY = "libc++";
				CLANG_ENABLE_MODULES = YES;
				CLANG_ENABLE_OBJC_ARC = YES;
				CLANG_ENABLE_OBJC_WEAK = YES;
				CLANG_WARN_BLOCK_CAPTURE_AUTORELEASING = YES;
				CLANG_WARN_BOOL_CONVERSION = YES;
				CLANG_WARN_COMMA = YES;
				CLANG_WARN_CONSTANT_CONVERSION = YES;
				CLANG_WARN_DEPRECATED_OBJC_IMPLEMENTATIONS = YES;
				CLANG_WARN_DIRECT_OBJC_ISA_USAGE = YES_ERROR;
				CLANG_WARN_DOCUMENTATION_COMMENTS = YES;
				CLANG_WARN_EMPTY_BODY = YES;
				CLANG_WARN_ENUM_CONVERSION = YES;
				CLANG_WARN_INFINITE_RECURSION = YES;
				CLANG_WARN_INT_CONVERSION = YES;
				CLANG_WARN_NON_LITERAL_NULL_CONVERSION = YES;
				CLANG_WARN_OBJC_IMPLICIT_RETAIN_SELF = YES;
				CLANG_WARN_OBJC_LITERAL_CONVERSION = YES;
				CLANG_WARN_OBJC_ROOT_CLASS = YES_ERROR;
				CLANG_WARN_QUOTED_INCLUDE_IN_FRAMEWORK_HEADER = YES;
				CLANG_WARN_RANGE_LOOP_ANALYSIS = YES;
				CLANG_WARN_STRICT_PROTOTYPES = YES;
				CLANG_WARN_SUSPICIOUS_MOVE = YES;
				CLANG_WARN_UNGUARDED_AVAILABILITY = YES_AGGRESSIVE;
				CLANG_WARN_UNREACHABLE_CODE = YES;
				CLANG_WARN__DUPLICATE_METHOD_MATCH = YES;
				COPY_PHASE_STRIP = NO;
				DEBUG_INFORMATION_FORMAT = "dwarf-with-dsym";
				ENABLE_NS_ASSERTIONS = NO;
				ENABLE_STRICT_OBJC_MSGSEND = YES;
				GCC_C_LANGUAGE_STANDARD = gnu11;
				GCC_NO_COMMON_BLOCKS = YES;
				GCC_WARN_64_TO_32_BIT_CONVERSION = YES;
				GCC_WARN_ABOUT_RETURN_TYPE = YES_ERROR;
				GCC_WARN_UNDECLARED_SELECTOR = YES;
				GCC_WARN_UNINITIALIZED_AUTOS = YES_AGGRESSIVE;
				GCC_WARN_UNUSED_FUNCTION = YES;
				GCC_WARN_UNUSED_VARIABLE = YES;
				IPHONEOS_DEPLOYMENT_TARGET = 14.2;
				MTL_ENABLE_DEBUG_INFO = NO;
				MTL_FAST_MATH = YES;
				SDKROOT = iphoneos;
				SWIFT_COMPILATION_MODE = wholemodule;
				SWIFT_OPTIMIZATION_LEVEL = "-O";
				VALIDATE_PRODUCT = YES;
			};
			name = Release;
		};
		84A045E625B8743D00AE00E5 /* Debug */ = {
			isa = XCBuildConfiguration;
			buildSettings = {
				ASSETCATALOG_COMPILER_APPICON_NAME = AppIcon;
				ASSETCATALOG_COMPILER_GLOBAL_ACCENT_COLOR_NAME = AccentColor;
				CODE_SIGN_STYLE = Automatic;
				DEVELOPMENT_TEAM = 5DZ3AVXR7W;
				INFOPLIST_FILE = TestTaskApp/Info.plist;
				LD_RUNPATH_SEARCH_PATHS = (
					"$(inherited)",
					"@executable_path/Frameworks",
				);
				PRODUCT_BUNDLE_IDENTIFIER = IPV.TestTaskApp;
				PRODUCT_NAME = "$(TARGET_NAME)";
				SWIFT_VERSION = 5.0;
				TARGETED_DEVICE_FAMILY = "1,2";
			};
			name = Debug;
		};
		84A045E725B8743D00AE00E5 /* Release */ = {
			isa = XCBuildConfiguration;
			buildSettings = {
				ASSETCATALOG_COMPILER_APPICON_NAME = AppIcon;
				ASSETCATALOG_COMPILER_GLOBAL_ACCENT_COLOR_NAME = AccentColor;
				CODE_SIGN_STYLE = Automatic;
				DEVELOPMENT_TEAM = 5DZ3AVXR7W;
				INFOPLIST_FILE = TestTaskApp/Info.plist;
				LD_RUNPATH_SEARCH_PATHS = (
					"$(inherited)",
					"@executable_path/Frameworks",
				);
				PRODUCT_BUNDLE_IDENTIFIER = IPV.TestTaskApp;
				PRODUCT_NAME = "$(TARGET_NAME)";
				SWIFT_VERSION = 5.0;
				TARGETED_DEVICE_FAMILY = "1,2";
			};
			name = Release;
		};
/* End XCBuildConfiguration section */

/* Begin XCConfigurationList section */
		84A045CC25B8743C00AE00E5 /* Build configuration list for PBXProject "TestTaskApp" */ = {
			isa = XCConfigurationList;
			buildConfigurations = (
				84A045E325B8743D00AE00E5 /* Debug */,
				84A045E425B8743D00AE00E5 /* Release */,
			);
			defaultConfigurationIsVisible = 0;
			defaultConfigurationName = Release;
		};
		84A045E525B8743D00AE00E5 /* Build configuration list for PBXNativeTarget "TestTaskApp" */ = {
			isa = XCConfigurationList;
			buildConfigurations = (
				84A045E625B8743D00AE00E5 /* Debug */,
				84A045E725B8743D00AE00E5 /* Release */,
			);
			defaultConfigurationIsVisible = 0;
			defaultConfigurationName = Release;
		};
/* End XCConfigurationList section */
	};
	rootObject = 84A045C925B8743C00AE00E5 /* Project object */;
}
